{
    "_readme": [
        "This file locks the dependencies of your project to a known state",
        "Read more about it at https://getcomposer.org/doc/01-basic-usage.md#installing-dependencies",
        "This file is @generated automatically"
    ],
    "content-hash": "57087d10fc11577c4329449755fe09d0",
    "packages": [
        {
            "name": "vitodtagliente/pure-core",
            "version": "dev-master",
            "dist": {
                "type": "path",
                "url": "C:/Users/HackJ/Desktop/pure packages/pure-core",
                "reference": "c156aab23fafc4c74cc0c191d1f7dd527fea4b24"
            },
            "require": {
                "vitodtagliente/pure-orm": "dev-master",
                "vitodtagliente/pure-routing": "dev-master",
                "vitodtagliente/pure-template": "dev-master"
            },
            "type": "library",
            "autoload": {
                "psr-4": {
                    "Pure\\": ""
                },
                "files": [
                    "dev.api.php"
                ]
            },
            "license": [
                "MIT"
            ],
            "authors": [
                {
                    "name": "Vito Domenico Tagliente",
                    "email": "vitodomenicotagliente@gmail.com"
                }
            ],
            "description": "The Pure Core Component"
        },
        {
            "name": "vitodtagliente/pure-orm",
            "version": "dev-master",
            "dist": {
                "type": "path",
                "url": "C:/Users/HackJ/Desktop/pure packages/pure-orm",
                "reference": "04d80106430f45f82f922cc9da25de3d278dbb94"
            },
            "type": "library",
            "autoload": {
                "psr-4": {
                    "Pure\\ORM\\": ""
                }
            },
            "license": [
                "MIT"
            ],
            "authors": [
                {
                    "name": "Vito Domenico Tagliente",
                    "email": "vitodomenicotagliente@gmail.com"
                }
            ],
            "description": "The Pure ORM Component"
        },
        {
            "name": "vitodtagliente/pure-routing",
            "version": "dev-master",
            "dist": {
                "type": "path",
                "url": "C:/Users/HackJ/Desktop/pure packages/pure-routing",
                "reference": "f36396e20838464bf7ccd4b34ef5660cdb255ae1"
            },
            "type": "library",
            "autoload": {
                "psr-4": {
                    "Pure\\Routing\\": ""
                }
            },
            "license": [
                "MIT"
            ],
            "authors": [
                {
                    "name": "Vito Domenico Tagliente",
                    "email": "vitodomenicotagliente@gmail.com"
                }
            ],
            "description": "The Pure Routing Component"
        },
        {
            "name": "vitodtagliente/pure-template",
            "version": "dev-master",
            "dist": {
                "type": "path",
                "url": "C:/Users/HackJ/Desktop/pure packages/pure-template",
                "reference": "d3f3e38d7e425a5f9f6e17df405037f6001ff3e9"
            },
            "type": "library",
            "autoload": {
                "psr-4": {
                    "Pure\\Template\\": ""
                }
            },
            "license": [
                "MIT"
            ],
            "authors": [
                {
                    "name": "Vito Domenico Tagliente",
                    "email": "vitodomenicotagliente@gmail.com"
                }
            ],
            "description": "The Pure Template Component"
        }
    ],
    "packages-dev": [],
    "aliases": [],
    "minimum-stability": "dev",
    "stability-flags": {
        "vitodtagliente/pure-routing": 20,
        "vitodtagliente/pure-orm": 20,
        "vitodtagliente/pure-template": 20,
        "vitodtagliente/pure-core": 20
    },
    "prefer-stable": false,
    "prefer-lowest": false,
    "platform": [],
    "platform-dev": []
}
