{
    "_readme": [
        "This file locks the dependencies of your project to a known state",
        "Read more about it at https://getcomposer.org/doc/01-basic-usage.md#installing-dependencies",
        "This file is @generated automatically"
    ],
    "content-hash": "614dcc02b5889fce4ce1fe160deadc7a",
    "packages": [
        {
            "name": "vitodtagliente/pure-core",
            "version": "dev-master",
            "source": {
                "type": "git",
                "url": "https://github.com/vitodtagliente/pure-core.git",
                "reference": "3154de9976c54f08b797ba7481329ef66dfe62da"
            },
            "dist": {
                "type": "zip",
                "url": "https://api.github.com/repos/vitodtagliente/pure-core/zipball/3154de9976c54f08b797ba7481329ef66dfe62da",
                "reference": "3154de9976c54f08b797ba7481329ef66dfe62da",
                "shasum": ""
            },
            "require": {
                "vitodtagliente/pure-orm": "dev-master",
                "vitodtagliente/pure-routing": "dev-master",
                "vitodtagliente/pure-template": "dev-master"
            },
            "type": "library",
            "autoload": {
                "psr-4": {
                    "Pure\\": ""
                },
                "files": [
                    "dev.api.php"
                ]
            },
            "notification-url": "https://packagist.org/downloads/",
            "license": [
                "MIT"
            ],
            "authors": [
                {
                    "name": "Vito Domenico Tagliente",
                    "email": "vitodomenicotagliente@gmail.com"
                }
            ],
            "description": "The Pure Core Component",
            "time": "2018-10-14T16:07:30+00:00"
        },
        {
            "name": "vitodtagliente/pure-orm",
            "version": "dev-master",
            "source": {
                "type": "git",
                "url": "https://github.com/vitodtagliente/pure-orm.git",
                "reference": "10d6346fdcaeaaa8ba8a7ab0f4d2f98541380b8f"
            },
            "dist": {
                "type": "zip",
                "url": "https://api.github.com/repos/vitodtagliente/pure-orm/zipball/10d6346fdcaeaaa8ba8a7ab0f4d2f98541380b8f",
                "reference": "10d6346fdcaeaaa8ba8a7ab0f4d2f98541380b8f",
                "shasum": ""
            },
            "type": "library",
            "autoload": {
                "psr-4": {
                    "Pure\\ORM\\": ""
                }
            },
            "notification-url": "https://packagist.org/downloads/",
            "license": [
                "MIT"
            ],
            "authors": [
                {
                    "name": "Vito Domenico Tagliente",
                    "email": "vitodomenicotagliente@gmail.com"
                }
            ],
            "description": "The Pure ORM Component",
            "time": "2018-10-14T15:14:23+00:00"
        },
        {
            "name": "vitodtagliente/pure-routing",
            "version": "dev-master",
            "source": {
                "type": "git",
                "url": "https://github.com/vitodtagliente/pure-routing.git",
                "reference": "ed64cc00fcf727433e096de9a48a83330012218f"
            },
            "dist": {
                "type": "zip",
                "url": "https://api.github.com/repos/vitodtagliente/pure-routing/zipball/ed64cc00fcf727433e096de9a48a83330012218f",
                "reference": "ed64cc00fcf727433e096de9a48a83330012218f",
                "shasum": ""
            },
            "type": "library",
            "autoload": {
                "psr-4": {
                    "Pure\\Routing\\": ""
                }
            },
            "notification-url": "https://packagist.org/downloads/",
            "license": [
                "MIT"
            ],
            "authors": [
                {
                    "name": "Vito Domenico Tagliente",
                    "email": "vitodomenicotagliente@gmail.com"
                }
            ],
            "description": "The Pure Routing Component",
            "time": "2018-10-07T17:36:39+00:00"
        },
        {
            "name": "vitodtagliente/pure-template",
            "version": "dev-master",
            "source": {
                "type": "git",
                "url": "https://github.com/vitodtagliente/pure-template.git",
                "reference": "418dd9f2f727bb778f37e8155b7605290bc57f58"
            },
            "dist": {
                "type": "zip",
                "url": "https://api.github.com/repos/vitodtagliente/pure-template/zipball/418dd9f2f727bb778f37e8155b7605290bc57f58",
                "reference": "418dd9f2f727bb778f37e8155b7605290bc57f58",
                "shasum": ""
            },
            "type": "library",
            "autoload": {
                "psr-4": {
                    "Pure\\Template\\": ""
                }
            },
            "notification-url": "https://packagist.org/downloads/",
            "license": [
                "MIT"
            ],
            "authors": [
                {
                    "name": "Vito Domenico Tagliente",
                    "email": "vitodomenicotagliente@gmail.com"
                }
            ],
            "description": "The Pure Template Component",
            "time": "2018-08-21T21:43:20+00:00"
        }
    ],
    "packages-dev": [],
    "aliases": [],
    "minimum-stability": "dev",
    "stability-flags": {
        "vitodtagliente/pure-routing": 20,
        "vitodtagliente/pure-orm": 20,
        "vitodtagliente/pure-template": 20,
        "vitodtagliente/pure-core": 20
    },
    "prefer-stable": false,
    "prefer-lowest": false,
    "platform": [],
    "platform-dev": []
}
